
Microsoft Visual Studio Solution File, Format Version 12.00
# Visual Studio Version 17
VisualStudioVersion = 17.5.33516.290
MinimumVisualStudioVersion = 10.0.40219.1
Project("{FAE04EC0-301F-11D3-BF4B-00C04F79EFBC}") = "PrjHelloWord", "PrjHelloWord\PrjHelloWord.csproj", "{FE87697B-C07B-48DD-9264-D23C352A1C9C}"
EndProject
Global
	GlobalSection(SolutionConfigurationPlatforms) = preSolution
		Debug|Any CPU = Debug|Any CPU
		Release|Any CPU = Release|Any CPU
	EndGlobalSection
	GlobalSection(ProjectConfigurationPlatforms) = postSolution
		{FE87697B-C07B-48DD-9264-D23C352A1C9C}.Debug|Any CPU.ActiveCfg = Debug|Any CPU
		{FE87697B-C07B-48DD-9264-D23C352A1C9C}.Debug|Any CPU.Build.0 = Debug|Any CPU
		{FE87697B-C07B-48DD-9264-D23C352A1C9C}.Release|Any CPU.ActiveCfg = Release|Any CPU
		{FE87697B-C07B-48DD-9264-D23C352A1C9C}.Release|Any CPU.Build.0 = Release|Any CPU
	EndGlobalSection
	GlobalSection(SolutionProperties) = preSolution
		HideSolutionNode = FALSE
	EndGlobalSection
	GlobalSection(ExtensibilityGlobals) = postSolution
		SolutionGuid = {5ABB35DF-CEF1-4411-A8BF-7B80F68A95F4}
	EndGlobalSection
EndGlobal
